
Microsoft Visual Studio Solution File, Format Version 12.00
# Visual Studio Version 16
VisualStudioVersion = 16.0.29613.14
MinimumVisualStudioVersion = 10.0.40219.1
Project("{9A19103F-16F7-4668-BE54-9A1E7A4F7556}") = "ProcedureFrontend", "ProcedureFrontend\ProcedureFrontend.csproj", "{D9206DDB-59D7-4CCE-9487-A0CDF813B050}"
EndProject
Project("{9A19103F-16F7-4668-BE54-9A1E7A4F7556}") = "ProcedureLib", "ProcedureGen\ProcedureLib.csproj", "{C0BE3B9B-4984-4E8D-9DB6-0F010EE1E3F7}"
EndProject
Project("{FAE04EC0-301F-11D3-BF4B-00C04F79EFBC}") = "WebAPI", "WebAPI\WebAPI.csproj", "{5516257B-5579-41AD-97CA-0A830611E9ED}"
EndProject
Global
	GlobalSection(SolutionConfigurationPlatforms) = preSolution
		Debug|Any CPU = Debug|Any CPU
		Release|Any CPU = Release|Any CPU
	EndGlobalSection
	GlobalSection(ProjectConfigurationPlatforms) = postSolution
		{D9206DDB-59D7-4CCE-9487-A0CDF813B050}.Debug|Any CPU.ActiveCfg = Debug|Any CPU
		{D9206DDB-59D7-4CCE-9487-A0CDF813B050}.Debug|Any CPU.Build.0 = Debug|Any CPU
		{D9206DDB-59D7-4CCE-9487-A0CDF813B050}.Release|Any CPU.ActiveCfg = Release|Any CPU
		{D9206DDB-59D7-4CCE-9487-A0CDF813B050}.Release|Any CPU.Build.0 = Release|Any CPU
		{C0BE3B9B-4984-4E8D-9DB6-0F010EE1E3F7}.Debug|Any CPU.ActiveCfg = Debug|Any CPU
		{C0BE3B9B-4984-4E8D-9DB6-0F010EE1E3F7}.Debug|Any CPU.Build.0 = Debug|Any CPU
		{C0BE3B9B-4984-4E8D-9DB6-0F010EE1E3F7}.Release|Any CPU.ActiveCfg = Release|Any CPU
		{C0BE3B9B-4984-4E8D-9DB6-0F010EE1E3F7}.Release|Any CPU.Build.0 = Release|Any CPU
		{5516257B-5579-41AD-97CA-0A830611E9ED}.Debug|Any CPU.ActiveCfg = Debug|Any CPU
		{5516257B-5579-41AD-97CA-0A830611E9ED}.Debug|Any CPU.Build.0 = Debug|Any CPU
		{5516257B-5579-41AD-97CA-0A830611E9ED}.Release|Any CPU.ActiveCfg = Release|Any CPU
		{5516257B-5579-41AD-97CA-0A830611E9ED}.Release|Any CPU.Build.0 = Release|Any CPU
	EndGlobalSection
	GlobalSection(SolutionProperties) = preSolution
		HideSolutionNode = FALSE
	EndGlobalSection
	GlobalSection(ExtensibilityGlobals) = postSolution
		SolutionGuid = {F163E932-9068-4D72-B648-A210CCD57C47}
	EndGlobalSection
EndGlobal
